
Microsoft Visual Studio Solution File, Format Version 12.00
# Visual Studio Version 17
VisualStudioVersion = 17.7.34009.444
MinimumVisualStudioVersion = 10.0.40219.1
Project("{FAE04EC0-301F-11D3-BF4B-00C04F79EFBC}") = "CalculadoraDeMatrizes", "NovaCalculadora\CalculadoraDeMatrizes.csproj", "{11754ED1-1B1D-4666-BFEE-116D6AF8A5AE}"
EndProject
Project("{FAE04EC0-301F-11D3-BF4B-00C04F79EFBC}") = "CalculadoraFibonacci", "CalculadoraFibonacci\CalculadoraFibonacci.csproj", "{858FFC25-8B47-4F71-B9EB-61AC2CEC9B8D}"
EndProject
Project("{FAE04EC0-301F-11D3-BF4B-00C04F79EFBC}") = "CalculadoraFatorial", "CalculadoraFatorial\CalculadoraFatorial.csproj", "{C0B42D0D-679A-4DAF-9899-D42E199BA5D7}"
EndProject
Project("{FAE04EC0-301F-11D3-BF4B-00C04F79EFBC}") = "Calculadora Bhaskara", "Calculadora Bhaskara\Calculadora Bhaskara.csproj", "{D415CA79-D200-4F84-B321-20C3A31252A9}"
EndProject
Project("{FAE04EC0-301F-11D3-BF4B-00C04F79EFBC}") = "BasesNumericas", "BasesNumericas\BasesNumericas.csproj", "{C5EF916D-BD6A-4096-BA7A-9A51CC9166A4}"
EndProject
Global
	GlobalSection(SolutionConfigurationPlatforms) = preSolution
		Debug|Any CPU = Debug|Any CPU
		Release|Any CPU = Release|Any CPU
	EndGlobalSection
	GlobalSection(ProjectConfigurationPlatforms) = postSolution
		{11754ED1-1B1D-4666-BFEE-116D6AF8A5AE}.Debug|Any CPU.ActiveCfg = Debug|Any CPU
		{11754ED1-1B1D-4666-BFEE-116D6AF8A5AE}.Debug|Any CPU.Build.0 = Debug|Any CPU
		{11754ED1-1B1D-4666-BFEE-116D6AF8A5AE}.Release|Any CPU.ActiveCfg = Release|Any CPU
		{11754ED1-1B1D-4666-BFEE-116D6AF8A5AE}.Release|Any CPU.Build.0 = Release|Any CPU
		{858FFC25-8B47-4F71-B9EB-61AC2CEC9B8D}.Debug|Any CPU.ActiveCfg = Debug|Any CPU
		{858FFC25-8B47-4F71-B9EB-61AC2CEC9B8D}.Debug|Any CPU.Build.0 = Debug|Any CPU
		{858FFC25-8B47-4F71-B9EB-61AC2CEC9B8D}.Release|Any CPU.ActiveCfg = Release|Any CPU
		{858FFC25-8B47-4F71-B9EB-61AC2CEC9B8D}.Release|Any CPU.Build.0 = Release|Any CPU
		{C0B42D0D-679A-4DAF-9899-D42E199BA5D7}.Debug|Any CPU.ActiveCfg = Debug|Any CPU
		{C0B42D0D-679A-4DAF-9899-D42E199BA5D7}.Debug|Any CPU.Build.0 = Debug|Any CPU
		{C0B42D0D-679A-4DAF-9899-D42E199BA5D7}.Release|Any CPU.ActiveCfg = Release|Any CPU
		{C0B42D0D-679A-4DAF-9899-D42E199BA5D7}.Release|Any CPU.Build.0 = Release|Any CPU
		{D415CA79-D200-4F84-B321-20C3A31252A9}.Debug|Any CPU.ActiveCfg = Debug|Any CPU
		{D415CA79-D200-4F84-B321-20C3A31252A9}.Debug|Any CPU.Build.0 = Debug|Any CPU
		{D415CA79-D200-4F84-B321-20C3A31252A9}.Release|Any CPU.ActiveCfg = Release|Any CPU
		{D415CA79-D200-4F84-B321-20C3A31252A9}.Release|Any CPU.Build.0 = Release|Any CPU
		{C5EF916D-BD6A-4096-BA7A-9A51CC9166A4}.Debug|Any CPU.ActiveCfg = Debug|Any CPU
		{C5EF916D-BD6A-4096-BA7A-9A51CC9166A4}.Debug|Any CPU.Build.0 = Debug|Any CPU
		{C5EF916D-BD6A-4096-BA7A-9A51CC9166A4}.Release|Any CPU.ActiveCfg = Release|Any CPU
		{C5EF916D-BD6A-4096-BA7A-9A51CC9166A4}.Release|Any CPU.Build.0 = Release|Any CPU
	EndGlobalSection
	GlobalSection(SolutionProperties) = preSolution
		HideSolutionNode = FALSE
	EndGlobalSection
	GlobalSection(ExtensibilityGlobals) = postSolution
		SolutionGuid = {D0464559-8A88-4370-9080-58F71A18AA51}
	EndGlobalSection
EndGlobal
